[[package]]
category = "main"
description = "Async http client/server framework (asyncio)"
name = "aiohttp"
optional = false
python-versions = ">=3.5.3"
version = "3.6.2"

[package.dependencies]
async-timeout = ">=3.0,<4.0"
attrs = ">=17.3.0"
chardet = ">=2.0,<4.0"
multidict = ">=4.5,<5.0"
yarl = ">=1.0,<2.0"

[[package]]
category = "main"
description = "A small Python module for determining appropriate platform-specific dirs, e.g. a \"user data dir\"."
name = "appdirs"
optional = false
python-versions = "*"
version = "1.4.3"

[[package]]
category = "main"
description = "Timeout context manager for asyncio programs"
name = "async-timeout"
optional = false
python-versions = ">=3.5.3"
version = "3.0.1"

[[package]]
category = "main"
description = "Classes Without Boilerplate"
name = "attrs"
optional = false
python-versions = ">=2.7, !=3.0.*, !=3.1.*, !=3.2.*, !=3.3.*"
version = "19.3.0"

[[package]]
category = "dev"
description = "The uncompromising code formatter."
name = "black"
optional = false
python-versions = ">=3.6"
version = "18.9b0"

[package.dependencies]
appdirs = "*"
attrs = ">=17.4.0"
click = ">=6.5"
toml = ">=0.9.4"

[[package]]
category = "main"
description = "Python package for providing Mozilla's CA Bundle."
name = "certifi"
optional = false
python-versions = "*"
version = "2019.9.11"

[[package]]
category = "main"
description = "Universal encoding detector for Python 2 and 3"
name = "chardet"
optional = false
python-versions = "*"
version = "3.0.4"

[[package]]
category = "main"
description = "Composable command line interface toolkit"
name = "click"
optional = false
python-versions = ">=2.7, !=3.0.*, !=3.1.*, !=3.2.*, !=3.3.*"
version = "7.0"

[[package]]
category = "main"
description = "An extension module for click to enable registering CLI commands via setuptools entry-points."
name = "click-plugins"
optional = false
python-versions = "*"
version = "1.1.1"

[package.dependencies]
click = ">=4.0"

[[package]]
category = "main"
description = "Click params for commmand line interfaces to GeoJSON"
name = "cligj"
optional = false
python-versions = "*"
version = "0.5.0"

[package.dependencies]
click = ">=4.0,<8"

[[package]]
category = "dev"
description = "Discover and load entry points from installed packages."
name = "entrypoints"
optional = false
python-versions = ">=2.7"
version = "0.3"

[[package]]
category = "main"
description = "Python 3.4 Enum backported to 3.3, 3.2, 3.1, 2.7, 2.6, 2.5, and 2.4"
name = "enum34"
optional = false
python-versions = "*"
version = "1.1.6"

[[package]]
category = "main"
description = "Fiona reads and writes spatial data files"
name = "fiona"
optional = false
python-versions = "*"
version = "1.8.11"

[package.dependencies]
attrs = ">=17"
click = ">=4.0,<8"
click-plugins = ">=1.0"
cligj = ">=0.5"
enum34 = "*"
munch = "*"
six = ">=1.7"

[[package]]
category = "dev"
description = "the modular source code checker: pep8, pyflakes and co"
name = "flake8"
optional = false
python-versions = ">=2.7, !=3.0.*, !=3.1.*, !=3.2.*, !=3.3.*"
version = "3.7.9"

[package.dependencies]
entrypoints = ">=0.3.0,<0.4.0"
mccabe = ">=0.6.0,<0.7.0"
pycodestyle = ">=2.5.0,<2.6.0"
pyflakes = ">=2.1.0,<2.2.0"

[[package]]
category = "main"
description = "Geographic pandas extensions"
name = "geopandas"
optional = false
python-versions = "*"
version = "0.5.1"

[package.dependencies]
fiona = "*"
pandas = "*"
pyproj = "*"
shapely = "*"

[[package]]
category = "main"
description = "Internationalized Domain Names in Applications (IDNA)"
name = "idna"
optional = false
python-versions = ">=2.7, !=3.0.*, !=3.1.*, !=3.2.*, !=3.3.*"
version = "2.8"

[[package]]
category = "dev"
description = "McCabe checker, plugin for flake8"
name = "mccabe"
optional = false
python-versions = "*"
version = "0.6.1"

[[package]]
category = "main"
description = "multidict implementation"
name = "multidict"
optional = false
python-versions = ">=3.5"
version = "4.6.1"

[[package]]
category = "main"
description = "A dot-accessible dictionary (a la JavaScript objects)"
name = "munch"
optional = false
python-versions = "*"
version = "2.5.0"

[package.dependencies]
six = "*"

[[package]]
category = "dev"
description = "Optional static typing for Python"
name = "mypy"
optional = false
python-versions = "*"
version = "0.720"

[package.dependencies]
mypy-extensions = ">=0.4.0,<0.5.0"
typed-ast = ">=1.4.0,<1.5.0"
typing-extensions = ">=3.7.4"

[[package]]
category = "dev"
description = "Experimental type system extensions for programs checked with the mypy typechecker."
name = "mypy-extensions"
optional = false
python-versions = "*"
version = "0.4.3"

[[package]]
category = "main"
description = "Patch asyncio to allow nested event loops"
name = "nest-asyncio"
optional = false
python-versions = ">=3.5"
version = "1.2.0"

[[package]]
category = "main"
description = "NumPy is the fundamental package for array computing with Python."
name = "numpy"
optional = false
python-versions = ">=3.5"
version = "1.17.4"

[[package]]
category = "main"
description = "Powerful data structures for data analysis, time series, and statistics"
name = "pandas"
optional = false
python-versions = ">=2.7,!=3.0.*,!=3.1.*,!=3.2.*,!=3.3.*,!=3.4.*"
version = "0.24.2"

[package.dependencies]
numpy = ">=1.12.0"
python-dateutil = ">=2.5.0"
pytz = ">=2011k"

[[package]]
category = "dev"
description = "Python style guide checker"
name = "pycodestyle"
optional = false
python-versions = ">=2.7, !=3.0.*, !=3.1.*, !=3.2.*, !=3.3.*"
version = "2.5.0"

[[package]]
category = "dev"
description = "Python docstring style checker"
name = "pydocstyle"
optional = false
python-versions = ">=3.4"
version = "4.0.1"

[package.dependencies]
snowballstemmer = "*"

[[package]]
category = "dev"
description = "passive checker of Python programs"
name = "pyflakes"
optional = false
python-versions = ">=2.7, !=3.0.*, !=3.1.*, !=3.2.*, !=3.3.*"
version = "2.1.1"

[[package]]
category = "main"
description = "Python interface to PROJ (cartographic projections and coordinate transformations library)"
name = "pyproj"
optional = false
python-versions = ">=3.5"
version = "2.4.1"

[[package]]
category = "main"
description = "Extensions to the standard Python datetime module"
name = "python-dateutil"
optional = false
python-versions = "!=3.0.*,!=3.1.*,!=3.2.*,>=2.7"
version = "2.8.1"

[package.dependencies]
six = ">=1.5"

[[package]]
category = "main"
description = "World timezone definitions, modern and historical"
name = "pytz"
optional = false
python-versions = "*"
version = "2019.3"

[[package]]
category = "main"
description = "Python HTTP for Humans."
name = "requests"
optional = false
python-versions = ">=2.7, !=3.0.*, !=3.1.*, !=3.2.*, !=3.3.*, !=3.4.*"
version = "2.22.0"

[package.dependencies]
certifi = ">=2017.4.17"
chardet = ">=3.0.2,<3.1.0"
idna = ">=2.5,<2.9"
urllib3 = ">=1.21.1,<1.25.0 || >1.25.0,<1.25.1 || >1.25.1,<1.26"

[[package]]
category = "main"
description = "Geometric objects, predicates, and operations"
name = "shapely"
optional = false
python-versions = "*"
version = "1.6.4.post2"

[[package]]
category = "main"
description = "Python 2 and 3 compatibility utilities"
name = "six"
optional = false
python-versions = ">=2.6, !=3.0.*, !=3.1.*"
version = "1.13.0"

[[package]]
category = "dev"
description = "This package provides 26 stemmers for 25 languages generated from Snowball algorithms."
name = "snowballstemmer"
optional = false
python-versions = "*"
version = "2.0.0"

[[package]]
category = "main"
description = "SDK For publishing to Socrata"
name = "socrata-py"
optional = false
python-versions = "*"
version = "0.4.21"

[package.dependencies]
requests = "*"

[[package]]
category = "main"
description = "Retry code until it succeeeds"
name = "tenacity"
optional = false
python-versions = "*"
version = "5.1.5"

[package.dependencies]
six = ">=1.9.0"

[[package]]
category = "main"
description = "Python Port of John Gruber's titlecase.pl"
name = "titlecase"
optional = false
python-versions = "*"
version = "0.12.0"

[[package]]
category = "dev"
description = "Python Library for Tom's Obvious, Minimal Language"
name = "toml"
optional = false
python-versions = "*"
version = "0.10.0"

[[package]]
category = "dev"
description = "a fork of Python 2 and 3 ast modules with type comment support"
name = "typed-ast"
optional = false
python-versions = "*"
version = "1.4.0"

[[package]]
category = "dev"
description = "Backported and Experimental Type Hints for Python 3.5+"
name = "typing-extensions"
optional = false
python-versions = "*"
version = "3.7.4.1"

[[package]]
category = "main"
description = "HTTP library with thread-safe connection pooling, file post, and more."
name = "urllib3"
optional = false
python-versions = ">=2.7, !=3.0.*, !=3.1.*, !=3.2.*, !=3.3.*, <4"
version = "1.25.7"

[[package]]
category = "main"
description = "Yet another URL library"
name = "yarl"
optional = false
python-versions = ">=3.5.3"
version = "1.3.0"

[package.dependencies]
idna = ">=2.0"
multidict = ">=4.0"

[metadata]
content-hash = "dd237e79965f659ed3bcb7e4d374bf59e2743b79d2b90cba6d3e1f810098def0"
python-versions = "^3.7"

[metadata.hashes]
aiohttp = ["1e984191d1ec186881ffaed4581092ba04f7c61582a177b187d3a2f07ed9719e", "259ab809ff0727d0e834ac5e8a283dc5e3e0ecc30c4d80b3cd17a4139ce1f326", "2f4d1a4fdce595c947162333353d4a44952a724fba9ca3205a3df99a33d1307a", "32e5f3b7e511aa850829fbe5aa32eb455e5534eaa4b1ce93231d00e2f76e5654", "344c780466b73095a72c616fac5ea9c4665add7fc129f285fbdbca3cccf4612a", "460bd4237d2dbecc3b5ed57e122992f60188afe46e7319116da5eb8a9dfedba4", "4c6efd824d44ae697814a2a85604d8e992b875462c6655da161ff18fd4f29f17", "50aaad128e6ac62e7bf7bd1f0c0a24bc968a0c0590a726d5a955af193544bcec", "6206a135d072f88da3e71cc501c59d5abffa9d0bb43269a6dcd28d66bfafdbdd", "65f31b622af739a802ca6fd1a3076fd0ae523f8485c52924a89561ba10c49b48", "ae55bac364c405caa23a4f2d6cfecc6a0daada500274ffca4a9230e7129eac59", "b778ce0c909a2653741cb4b1ac7015b5c130ab9c897611df43ae6a58523cb965"]
appdirs = ["9e5896d1372858f8dd3344faf4e5014d21849c756c8d5701f78f8a103b372d92", "d8b24664561d0d34ddfaec54636d502d7cea6e29c3eaf68f3df6180863e2166e"]
async-timeout = ["0c3c816a028d47f659d6ff5c745cb2acf1f966da1fe5c19c77a70282b25f4c5f", "4291ca197d287d274d0b6cb5d6f8f8f82d434ed288f962539ff18cc9012f9ea3"]
attrs = ["08a96c641c3a74e44eb59afb61a24f2cb9f4d7188748e76ba4bb5edfa3cb7d1c", "f7b7ce16570fe9965acd6d30101a28f62fb4a7f9e926b3bbc9b61f8b04247e72"]
black = ["817243426042db1d36617910df579a54f1afd659adb96fc5032fcf4b36209739", "e030a9a28f542debc08acceb273f228ac422798e5215ba2a791a6ddeaaca22a5"]
certifi = ["e4f3620cfea4f83eedc95b24abd9cd56f3c4b146dd0177e83a21b4eb49e21e50", "fd7c7c74727ddcf00e9acd26bba8da604ffec95bf1c2144e67aff7a8b50e6cef"]
chardet = ["84ab92ed1c4d4f16916e05906b6b75a6c0fb5db821cc65e70cbd64a3e2a5eaae", "fc323ffcaeaed0e0a02bf4d117757b98aed530d9ed4531e3e15460124c106691"]
click = ["2335065e6395b9e67ca716de5f7526736bfa6ceead690adf616d925bdc622b13", "5b94b49521f6456670fdb30cd82a4eca9412788a93fa6dd6df72c94d5a8ff2d7"]
click-plugins = ["46ab999744a9d831159c3411bb0c79346d94a444df9a3a3742e9ed63645f264b", "5d262006d3222f5057fd81e1623d4443e41dcda5dc815c06b442aa3c02889fc8"]
cligj = ["20f24ce9abfde3f758aec3399e6811b936b6772f360846c662c19bf5537b4f14", "60c93dda4499562eb87509a8ff3535a7441053b766c9c26bcf874a732f939c7c", "6c7d52d529a78712491974f975c33473f430c0f7beb18c0d7a402a743dcb460a"]
entrypoints = ["589f874b313739ad35be6e0cd7efde2a4e9b6fea91edcc34e58ecbb8dbe56d19", "c70dd71abe5a8c85e55e12c19bd91ccfeec11a6e99044204511f9ed547d48451"]
enum34 = ["2d81cbbe0e73112bdfe6ef8576f2238f2ba27dd0d55752a776c41d38b7da2850", "644837f692e5f550741432dd3f223bbb9852018674981b1664e5dc339387588a", "6bd0f6ad48ec2aa117d3d141940d484deccda84d4fcd884f5c3d93c23ecd8c79", "8ad8c4783bf61ded74527bffb48ed9b54166685e4230386a9ed9b1279e2df5b1"]
fiona = ["1c9ff0f799d41570fd9e2d40bbad174bab8787e9149fed04364488349109b944", "1e7ca9e051f5bffa1c43c70d573da9ca223fc076b84fa73380614fc02b9eb7f6", "580aa20c52bbfbb758d3ff96369a5fce44c6d5cb01d2822a69b144f5322fc184", "67036d762044b74db18a76343a264f2093b44c4ae028212c0e21b8d26822d79c", "8a5fe4d20066e405b80eac65804d9c8cba0204ef263b95200018236744705022", "8cdc5c0519f15d8705b16907a96e2edb279ded1c071f8776d5b328b9fc8b3e92", "c2d6d30f706b743dd39b0f4b6978f3a76facd424b4f570060150b67daf1e9680", "f55cc9d11289cdae8f38f177523ac66848ace942f0f86e84f8004c6e6383c2fb", "fea708ac21801cf5db752cc29040bbe27af47768c915b5be2050792eaefe15c1"]
flake8 = ["45681a117ecc81e870cbf1262835ae4af5e7a8b08e40b944a8a6e6b895914cfb", "49356e766643ad15072a789a20915d3c91dc89fd313ccd71802303fd67e4deca"]
geopandas = ["99a243b9c33cb60c2f08b8db37108d5b44749b9b0b8c6c3add44143152a0956a", "f0c99a5055bef99a31f63480bef0048f164dbadc5a9af081fe25c1c5c2dc7a87"]
idna = ["c357b3f628cf53ae2c4c05627ecc484553142ca23264e593d327bcde5e9c3407", "ea8b7f6188e6fa117537c3df7da9fc686d485087abf6ac197f9c46432f7e4a3c"]
mccabe = ["ab8a6258860da4b6677da4bd2fe5dc2c659cff31b3ee4f7f5d64e79735b80d42", "dd8d182285a0fe56bace7f45b5e7d1a6ebcbf524e8f3bd87eb0f125271b8831f"]
multidict = ["07f9a6bf75ad675d53956b2c6a2d4ef2fa63132f33ecc99e9c24cf93beb0d10b", "0ffe4d4d28cbe9801952bfb52a8095dd9ffecebd93f84bdf973c76300de783c5", "1b605272c558e4c659dbaf0fb32a53bfede44121bcf77b356e6e906867b958b7", "205a011e636d885af6dd0029e41e3514a46e05bb2a43251a619a6e8348b96fc0", "250632316295f2311e1ed43e6b26a63b0216b866b45c11441886ac1543ca96e1", "2bc9c2579312c68a3552ee816311c8da76412e6f6a9cf33b15152e385a572d2a", "318aadf1cfb6741c555c7dd83d94f746dc95989f4f106b25b8a83dfb547f2756", "42cdd649741a14b0602bf15985cad0dd4696a380081a3319cd1ead46fd0f0fab", "5159c4975931a1a78bf6602bbebaa366747fce0a56cb2111f44789d2c45e379f", "87e26d8b89127c25659e962c61a4c655ec7445d19150daea0759516884ecb8b4", "891b7e142885e17a894d9d22b0349b92bb2da4769b4e675665d0331c08719be5", "8d919034420378132d074bf89df148d0193e9780c9fe7c0e495e895b8af4d8a2", "9c890978e2b37dd0dc1bd952da9a5d9f245d4807bee33e3517e4119c48d66f8c", "a37433ce8cdb35fc9e6e47e1606fa1bfd6d70440879038dca7d8dd023197eaa9", "c626029841ada34c030b94a00c573a0c7575fe66489cde148785b6535397d675", "cfec9d001a83dc73580143f3c77e898cf7ad78b27bb5e64dbe9652668fcafec7", "efaf1b18ea6c1f577b1371c0159edbe4749558bfe983e13aa24d0a0c01e1ad7b"]
munch = ["2d735f6f24d4dba3417fa448cae40c6e896ec1fdab6cdb5e6510999758a4dbd2", "6f44af89a2ce4ed04ff8de41f70b226b984db10a91dcc7b9ac2efc1c77022fdd"]
mypy = ["0107bff4f46a289f0e4081d59b77cef1c48ea43da5a0dbf0005d54748b26df2a", "07957f5471b3bb768c61f08690c96d8a09be0912185a27a68700f3ede99184e4", "10af62f87b6921eac50271e667cc234162a194e742d8e02fc4ddc121e129a5b0", "11fd60d2f69f0cefbe53ce551acf5b1cec1a89e7ce2d47b4e95a84eefb2899ae", "15e43d3b1546813669bd1a6ec7e6a11d2888db938e0607f7b5eef6b976671339", "352c24ba054a89bb9a35dd064ee95ab9b12903b56c72a8d3863d882e2632dc76", "437020a39417e85e22ea8edcb709612903a9924209e10b3ec6d8c9f05b79f498", "49925f9da7cee47eebf3420d7c0e00ec662ec6abb2780eb0a16260a7ba25f9c4", "6724fcd5777aa6cebfa7e644c526888c9d639bd22edd26b2a8038c674a7c34bd", "7a17613f7ea374ab64f39f03257f22b5755335b73251d0d253687a69029701ba", "cdc1151ced496ca1496272da7fc356580e95f2682be1d32377c22ddebdf73c91"]
mypy-extensions = ["090fedd75945a69ae91ce1303b5824f428daf5a028d2f6ab8a299250a846f15d", "2d82818f5bb3e369420cb3c4060a7970edba416647068eb4c5343488a6c604a8"]
nest-asyncio = ["1bf4bbda9d71a436e995356ee9443dd6f966e777735c99c6da5a5d15f5a4b759", "f5b22dd23ee6195cea509c344d9ec34274f45bff078d8f18e9dc322dc74c6008"]
numpy = ["0a7a1dd123aecc9f0076934288ceed7fd9a81ba3919f11a855a7887cbe82a02f", "0c0763787133dfeec19904c22c7e358b231c87ba3206b211652f8cbe1241deb6", "3d52298d0be333583739f1aec9026f3b09fdfe3ddf7c7028cb16d9d2af1cca7e", "43bb4b70585f1c2d153e45323a886839f98af8bfa810f7014b20be714c37c447", "475963c5b9e116c38ad7347e154e5651d05a2286d86455671f5b1eebba5feb76", "64874913367f18eb3013b16123c9fed113962e75d809fca5b78ebfbb73ed93ba", "683828e50c339fc9e68720396f2de14253992c495fdddef77a1e17de55f1decc", "6ca4000c4a6f95a78c33c7dadbb9495c10880be9c89316aa536eac359ab820ae", "75fd817b7061f6378e4659dd792c84c0b60533e867f83e0d1e52d5d8e53df88c", "7d81d784bdbed30137aca242ab307f3e65c8d93f4c7b7d8f322110b2e90177f9", "8d0af8d3664f142414fd5b15cabfd3b6cc3ef242a3c7a7493257025be5a6955f", "9679831005fb16c6df3dd35d17aa31dc0d4d7573d84f0b44cc481490a65c7725", "a8f67ebfae9f575d85fa859b54d3bdecaeece74e3274b0b5c5f804d7ca789fe1", "acbf5c52db4adb366c064d0b7c7899e3e778d89db585feadd23b06b587d64761", "ada4805ed51f5bcaa3a06d3dd94939351869c095e30a2b54264f5a5004b52170", "c7354e8f0eca5c110b7e978034cd86ed98a7a5ffcf69ca97535445a595e07b8e", "e2e9d8c87120ba2c591f60e32736b82b67f72c37ba88a4c23c81b5b8fa49c018", "e467c57121fe1b78a8f68dd9255fbb3bb3f4f7547c6b9e109f31d14569f490c3", "ede47b98de79565fcd7f2decb475e2dcc85ee4097743e551fe26cfc7eb3ff143", "f58913e9227400f1395c7b800503ebfdb0772f1c33ff8cb4d6451c06cabdf316", "fe39f5fd4103ec4ca3cb8600b19216cd1ff316b4990f4c0b6057ad982c0a34d5"]
pandas = ["071e42b89b57baa17031af8c6b6bbd2e9a5c68c595bc6bf9adabd7a9ed125d3b", "17450e25ae69e2e6b303817bdf26b2cd57f69595d8550a77c308be0cd0fd58fa", "17916d818592c9ec891cbef2e90f98cc85e0f1e89ed0924c9b5220dc3209c846", "2538f099ab0e9f9c9d09bbcd94b47fd889bad06dc7ae96b1ed583f1dc1a7a822", "366f30710172cb45a6b4f43b66c220653b1ea50303fbbd94e50571637ffb9167", "42e5ad741a0d09232efbc7fc648226ed93306551772fc8aecc6dce9f0e676794", "4e718e7f395ba5bfe8b6f6aaf2ff1c65a09bb77a36af6394621434e7cc813204", "4f919f409c433577a501e023943e582c57355d50a724c589e78bc1d551a535a2", "4fe0d7e6438212e839fc5010c78b822664f1a824c0d263fd858f44131d9166e2", "5149a6db3e74f23dc3f5a216c2c9ae2e12920aa2d4a5b77e44e5b804a5f93248", "627594338d6dd995cfc0bacd8e654cd9e1252d2a7c959449228df6740d737eb8", "83c702615052f2a0a7fb1dd289726e29ec87a27272d775cb77affe749cca28f8", "8c872f7fdf3018b7891e1e3e86c55b190e6c5cee70cab771e8f246c855001296", "90f116086063934afd51e61a802a943826d2aac572b2f7d55caaac51c13db5b5", "a3352bacac12e1fc646213b998bce586f965c9d431773d9e91db27c7c48a1f7d", "bcdd06007cca02d51350f96debe51331dec429ac8f93930a43eb8fb5639e3eb5", "c1bd07ebc15285535f61ddd8c0c75d0d6293e80e1ee6d9a8d73f3f36954342d0", "c9a4b7c55115eb278c19aa14b34fcf5920c8fe7797a09b7b053ddd6195ea89b3", "cc8fc0c7a8d5951dc738f1c1447f71c43734244453616f32b8aa0ef6013a5dfb", "d7b460bc316064540ce0c41c1438c416a40746fd8a4fb2999668bf18f3c4acf1"]
pycodestyle = ["95a2219d12372f05704562a14ec30bc76b05a5b297b21a5dfe3f6fac3491ae56", "e40a936c9a450ad81df37f549d676d127b1b66000a6c500caa2b085bc0ca976c"]
pydocstyle = ["04c84e034ebb56eb6396c820442b8c4499ac5eb94a3bda88951ac3dc519b6058", "66aff87ffe34b1e49bff2dd03a88ce6843be2f3346b0c9814410d34987fbab59"]
pyflakes = ["17dbeb2e3f4d772725c777fabc446d5634d1038f234e77343108ce445ea69ce0", "d976835886f8c5b31d47970ed689944a0262b5f3afa00a5a7b4dc81e5449f8a2"]
pyproj = ["0e59b9120ba4729d4bbbfb60bfb3206c9d119c55a92227d11b967892c3e82606", "1ea692abc31199d3b0c614d0f8d0b8e8cf0ac9d104df6cbd1159ed4f6c12f318", "346ceff4a5a07ef4ef19c51f617e30222554eb48418f22a370497918d389a6d4", "3ad7c8c2e5cebd8c40e7101fb5f7c8dbe3dd73787b22611474c3db39a77affec", "52d3c8ff42547c7f087d3adc08f7217a7d3c392923708e1ba9a3eb964caecd7c", "53aa9b9febf247fc2f407682cd64a052d0a0275838ad4f9dd8bcb6960c8bd68b", "5d11b2ff5721d4384388df18498513987979e327fb2dd675062a28024e462f0c", "6343e499b4d430637616b1362197b6c4014516e7c2839fd9ff492b34b885f14f", "817d4b762adee4479200471042e2393f75a8ec2384061979ccfe177b862b4f8b", "8eb1eeaba895282a44e11e9c83696d7ac567925f00d847001f118e73335c7554", "8f266a968085b3c1fbe9abc238127ecf3f058461e0cb2d1250dc86077e84e9ba", "95cade1aa565e98b23585b1b1e900d949ffde0424f724290d8763f3df75fed4a", "a1422da59673ca5bf56d89cf8e2a3cb2c9868bea27bbee6600ae603d322316a8", "a25e50194af94e312d21952386522a7bbd97118056e913e47f2bb9cfca70a117", "a2b08ac9c285e1adfec35756f561079638a333781e315777e497150e57d8dca9", "b86c4c52d9bf0c7118541e9b001cddf0d027a8d49503641101faad60d6abb759", "c173b6a33cb4c9eb40e78fc0d8a4c4e227f997f6a02ba665e27871cd308c346b", "c32441a0526ff600cb69bad6f8f9748bca78b6be9e5ad8d0eade29aeb252fbce", "cdb17bef8862a41c86cb51d8f3fdadee9fe1afd9a3362814c2eda59a5ce08133", "e027eed39a6ba0f63ab108962c550995474be58f77b80470fa4a9bc0114161a5", "efca2ef75eb75bf2a6451a2ea4760c3b371e08a66bfa8a6abafd997de1fcd74e", "f93f42c50e40ee6358d6006c4b5be927d83ad402080438617c2182a62a7b3700"]
python-dateutil = ["73ebfe9dbf22e832286dafa60473e4cd239f8592f699aa5adaf10050e6e1823c", "75bb3f31ea686f1197762692a9ee6a7550b59fc6ca3a1f4b5d7e32fb98e2da2a"]
pytz = ["1c557d7d0e871de1f5ccd5833f60fb2550652da6be2693c1e02300743d21500d", "b02c06db6cf09c12dd25137e563b31700d3b80fcc4ad23abb7a315f2789819be"]
requests = ["11e007a8a2aa0323f5a921e9e6a2d7e4e67d9877e85773fba9ba6419025cbeb4", "9cf5292fcd0f598c671cfc1e0d7d1a7f13bb8085e9a590f48c010551dc6c4b31"]
shapely = ["0378964902f89b8dbc332e5bdfa08e0bc2f7ab39fecaeb17fbb2a7699a44fe71", "34e7c6f41fb27906ccdf2514ee44a5774b90b39a256b6511a6a57d11ffe64999", "3ca69d4b12e2b05b549465822744b6a3a1095d8488cc27b2728a06d3c07d0eee", "3e9388f29bd81fcd4fa5c35125e1fbd4975ee36971a87a90c093f032d0e9de24", "3ef28e3f20a1c37f5b99ea8cf8dcb58e2f1a8762d65ed2d21fd92bf1d4811182", "523c94403047eb6cacd7fc1863ebef06e26c04d8a4e7f8f182d49cd206fe787e", "5d22a1a705c2f70f61ccadc696e33d922c1a92e00df8e1d58a6ade14dd7e3b4f", "714b6680215554731389a1bbdae4cec61741aa4726921fa2b2b96a6f578a2534", "7dfe1528650c3f0dc82f41a74cf4f72018288db9bfb75dcd08f6f04233ec7e78", "ba58b21b9cf3c33725f7f530febff9ed6a6846f9d0bf8a120fc74683ff919f89", "c4b87bb61fc3de59fc1f85e71a79b0c709dc68364d9584473697aad4aa13240f", "ebb4d2bee7fac3f6c891fcdafaa17f72ab9c6480f6d00de0b2dc9a5137dfe342"]
six = ["1f1b7d42e254082a9db6279deae68afb421ceba6158efa6131de7b3003ee93fd", "30f610279e8b2578cab6db20741130331735c781b56053c59c4076da27f06b66"]
snowballstemmer = ["209f257d7533fdb3cb73bdbd24f436239ca3b2fa67d56f6ff88e86be08cc5ef0", "df3bac3df4c2c01363f3dd2cfa78cce2840a79b9f1c2d2de9ce8d31683992f52"]
socrata-py = ["fc502e2a782fdaa4467aa00d50e93ca7835fd8b5219d59f3f9acbac81b13fa86"]
tenacity = ["3a916e734559f1baa2cab965ee00061540c41db71c3bf25375b81540a19758fc", "e664bd94f088b17f46da33255ae33911ca6a0fe04b156d334b601a4ef66d3c5f"]
titlecase = ["84de7a97fb702c400e5ba11c6b30849944b39db12e20fbf4515a23c7538a0611", "95d643a0c08097c02933aced707adfe1c275c335019e8e514dea782a465c5b84"]
toml = ["229f81c57791a41d65e399fc06bf0848bab550a9dfd5ed66df18ce5f05e73d5c", "235682dd292d5899d361a811df37e04a8828a5b1da3115886b73cf81ebc9100e", "f1db651f9657708513243e61e6cc67d101a39bad662eaa9b5546f789338e07a3"]
typed-ast = ["1170afa46a3799e18b4c977777ce137bb53c7485379d9706af8a59f2ea1aa161", "18511a0b3e7922276346bcb47e2ef9f38fb90fd31cb9223eed42c85d1312344e", "262c247a82d005e43b5b7f69aff746370538e176131c32dda9cb0f324d27141e", "2b907eb046d049bcd9892e3076c7a6456c93a25bebfe554e931620c90e6a25b0", "354c16e5babd09f5cb0ee000d54cfa38401d8b8891eefa878ac772f827181a3c", "48e5b1e71f25cfdef98b013263a88d7145879fbb2d5185f2a0c79fa7ebbeae47", "4e0b70c6fc4d010f8107726af5fd37921b666f5b31d9331f0bd24ad9a088e631", "630968c5cdee51a11c05a30453f8cd65e0cc1d2ad0d9192819df9978984529f4", "66480f95b8167c9c5c5c87f32cf437d585937970f3fc24386f313a4c97b44e34", "71211d26ffd12d63a83e079ff258ac9d56a1376a25bc80b1cdcdf601b855b90b", "7954560051331d003b4e2b3eb822d9dd2e376fa4f6d98fee32f452f52dd6ebb2", "838997f4310012cf2e1ad3803bce2f3402e9ffb71ded61b5ee22617b3a7f6b6e", "95bd11af7eafc16e829af2d3df510cecfd4387f6453355188342c3e79a2ec87a", "bc6c7d3fa1325a0c6613512a093bc2a2a15aeec350451cbdf9e1d4bffe3e3233", "cc34a6f5b426748a507dd5d1de4c1978f2eb5626d51326e43280941206c209e1", "d755f03c1e4a51e9b24d899561fec4ccaf51f210d52abdf8c07ee2849b212a36", "d7c45933b1bdfaf9f36c579671fec15d25b06c8398f113dab64c18ed1adda01d", "d896919306dd0aa22d0132f62a1b78d11aaf4c9fc5b3410d3c666b818191630a", "fdc1c9bbf79510b76408840e009ed65958feba92a88833cdceecff93ae8fff66", "ffde2fbfad571af120fcbfbbc61c72469e72f550d676c3342492a9dfdefb8f12"]
typing-extensions = ["091ecc894d5e908ac75209f10d5b4f118fbdb2eb1ede6a63544054bb1edb41f2", "910f4656f54de5993ad9304959ce9bb903f90aadc7c67a0bef07e678014e892d", "cf8b63fedea4d89bab840ecbb93e75578af28f76f66c35889bd7065f5af88575"]
urllib3 = ["a8a318824cc77d1fd4b2bec2ded92646630d7fe8619497b142c84a9e6f5a7293", "f3c5fd51747d450d4dcf6f923c81f78f811aab8205fda64b0aba34a4e48b0745"]
yarl = ["024ecdc12bc02b321bc66b41327f930d1c2c543fa9a561b39861da9388ba7aa9", "2f3010703295fbe1aec51023740871e64bb9664c789cba5a6bdf404e93f7568f", "3890ab952d508523ef4881457c4099056546593fa05e93da84c7250516e632eb", "3e2724eb9af5dc41648e5bb304fcf4891adc33258c6e14e2a7414ea32541e320", "5badb97dd0abf26623a9982cd448ff12cb39b8e4c94032ccdedf22ce01a64842", "73f447d11b530d860ca1e6b582f947688286ad16ca42256413083d13f260b7a0", "7ab825726f2940c16d92aaec7d204cfc34ac26c0040da727cf8ba87255a33829", "b25de84a8c20540531526dfbb0e2d2b648c13fd5dd126728c496d7c3fea33310", "c6e341f5a6562af74ba55205dbd56d248daf1b5748ec48a0200ba227bb9e33f4", "c9bb7c249c4432cd47e75af3864bc02d26c9594f49c82e2a28624417f0ae63b8", "e060906c0c585565c718d1c3841747b61c5439af2211e185f6739a9412dfbde1"]
